// !$*UTF8*$!
{
	archiveVersion = 1;
	classes = {
	};
	objectVersion = 51;
	objects = {

/* Begin PBXBuildFile section */
		2432194BC89DAD0BCFDEB98F /* Pods_SampleSupportTests.framework in Frameworks */ = {isa = PBXBuildFile; fileRef = 619A1723DEBACC055B3AB576 /* Pods_SampleSupportTests.framework */; };
		7F2CCA0125E77B5500376645 /* QRcodeReaderViewController.swift in Sources */ = {isa = PBXBuildFile; fileRef = 7F2CCA0025E77B5500376645 /* QRcodeReaderViewController.swift */; };
		7F5541D025DFC2720037311A /* DataDownloadViewController.swift in Sources */ = {isa = PBXBuildFile; fileRef = 7F5541CF25DFC2720037311A /* DataDownloadViewController.swift */; };
		7F5541D525DFC7DD0037311A /* GetJson.swift in Sources */ = {isa = PBXBuildFile; fileRef = 7F5541D425DFC7DD0037311A /* GetJson.swift */; };
		7F5D1FFB25D6072F0099D48A /* SettingViewController.swift in Sources */ = {isa = PBXBuildFile; fileRef = 7F5D1FFA25D6072F0099D48A /* SettingViewController.swift */; };
		7FBC7C8E25B7489D00AB07EA /* AppDelegate.swift in Sources */ = {isa = PBXBuildFile; fileRef = 7FBC7C8D25B7489D00AB07EA /* AppDelegate.swift */; };
		7FBC7C9025B7489D00AB07EA /* SceneDelegate.swift in Sources */ = {isa = PBXBuildFile; fileRef = 7FBC7C8F25B7489D00AB07EA /* SceneDelegate.swift */; };
		7FBC7C9525B7489D00AB07EA /* Main.storyboard in Resources */ = {isa = PBXBuildFile; fileRef = 7FBC7C9325B7489D00AB07EA /* Main.storyboard */; };
		7FBC7C9725B748A000AB07EA /* Assets.xcassets in Resources */ = {isa = PBXBuildFile; fileRef = 7FBC7C9625B748A000AB07EA /* Assets.xcassets */; };
		7FBC7C9A25B748A000AB07EA /* LaunchScreen.storyboard in Resources */ = {isa = PBXBuildFile; fileRef = 7FBC7C9825B748A000AB07EA /* LaunchScreen.storyboard */; };
		7FBC7CA525B748A000AB07EA /* SampleSupportTests.swift in Sources */ = {isa = PBXBuildFile; fileRef = 7FBC7CA425B748A000AB07EA /* SampleSupportTests.swift */; };
		7FBC7CB025B748A000AB07EA /* SampleSupportUITests.swift in Sources */ = {isa = PBXBuildFile; fileRef = 7FBC7CAF25B748A000AB07EA /* SampleSupportUITests.swift */; };
		7FBC7CC925B74A3E00AB07EA /* MenuViewController.swift in Sources */ = {isa = PBXBuildFile; fileRef = 7FBC7CC225B74A3E00AB07EA /* MenuViewController.swift */; };
		7FBC7CCA25B74A3E00AB07EA /* ArchiveViewController.swift in Sources */ = {isa = PBXBuildFile; fileRef = 7FBC7CC325B74A3E00AB07EA /* ArchiveViewController.swift */; };
		7FBC7CCB25B74A3E00AB07EA /* MainTabBarController.swift in Sources */ = {isa = PBXBuildFile; fileRef = 7FBC7CC425B74A3E00AB07EA /* MainTabBarController.swift */; };
		7FBC7CCC25B74A3E00AB07EA /* HomeViewController.swift in Sources */ = {isa = PBXBuildFile; fileRef = 7FBC7CC525B74A3E00AB07EA /* HomeViewController.swift */; };
		7FBC7CCD25B74A3E00AB07EA /* DetailedWorksViewController.swift in Sources */ = {isa = PBXBuildFile; fileRef = 7FBC7CC625B74A3E00AB07EA /* DetailedWorksViewController.swift */; };
		7FBC7CCE25B74A3E00AB07EA /* MainNavigationController.swift in Sources */ = {isa = PBXBuildFile; fileRef = 7FBC7CC725B74A3E00AB07EA /* MainNavigationController.swift */; };
		7FBC7CCF25B74A3E00AB07EA /* FloorMapViewController.swift in Sources */ = {isa = PBXBuildFile; fileRef = 7FBC7CC825B74A3E00AB07EA /* FloorMapViewController.swift */; };
		7FBC7CD925B74A7600AB07EA /* ArchiveHeader.swift in Sources */ = {isa = PBXBuildFile; fileRef = 7FBC7CD525B74A7600AB07EA /* ArchiveHeader.swift */; };
		7FBC7CDB25B74A7600AB07EA /* ArchiveCell.swift in Sources */ = {isa = PBXBuildFile; fileRef = 7FBC7CD725B74A7600AB07EA /* ArchiveCell.swift */; };
		7FBC7CE025B74A8E00AB07EA /* Extensions.swift in Sources */ = {isa = PBXBuildFile; fileRef = 7FBC7CDF25B74A8E00AB07EA /* Extensions.swift */; };
		7FBC7CED25B7506800AB07EA /* ExternalAccessory.framework in Frameworks */ = {isa = PBXBuildFile; fileRef = 7FBC7CEC25B7506800AB07EA /* ExternalAccessory.framework */; };
		7FC1337A25DE0A7000498DDF /* ExhibitionModel.swift in Sources */ = {isa = PBXBuildFile; fileRef = 7FC1337925DE0A7000498DDF /* ExhibitionModel.swift */; };
		7FC1337F25DE0C8300498DDF /* CategoryModel.swift in Sources */ = {isa = PBXBuildFile; fileRef = 7FC1337E25DE0C8300498DDF /* CategoryModel.swift */; };
		7FC1338425DE0CED00498DDF /* WorksModel.swift in Sources */ = {isa = PBXBuildFile; fileRef = 7FC1338325DE0CED00498DDF /* WorksModel.swift */; };
		7FC1338A25DE0E0F00498DDF /* ExhibitionData.json in Resources */ = {isa = PBXBuildFile; fileRef = 7FC1338925DE0E0F00498DDF /* ExhibitionData.json */; };
		7FC1338F25DE0E1900498DDF /* CategoryData.json in Resources */ = {isa = PBXBuildFile; fileRef = 7FC1338E25DE0E1900498DDF /* CategoryData.json */; };
		7FC1339425DE0E2100498DDF /* WorksData.json in Resources */ = {isa = PBXBuildFile; fileRef = 7FC1339325DE0E2100498DDF /* WorksData.json */; };
		7FC1339B25DE0F8900498DDF /* ExhibitionPresenter.swift in Sources */ = {isa = PBXBuildFile; fileRef = 7FC1339A25DE0F8900498DDF /* ExhibitionPresenter.swift */; };
		7FC133A025DE112B00498DDF /* CategoryPresenter.swift in Sources */ = {isa = PBXBuildFile; fileRef = 7FC1339F25DE112B00498DDF /* CategoryPresenter.swift */; };
		7FC133A525DE121700498DDF /* WorksPresenter.swift in Sources */ = {isa = PBXBuildFile; fileRef = 7FC133A425DE121700498DDF /* WorksPresenter.swift */; };
		9912D7DE1A242A5A93E79B4B /* Pods_SampleSupport_SampleSupportUITests.framework in Frameworks */ = {isa = PBXBuildFile; fileRef = FF6E0E542B6E197DBB49AAC2 /* Pods_SampleSupport_SampleSupportUITests.framework */; };
		C47379E983F534189BCF9FAB /* Pods_SampleSupport.framework in Frameworks */ = {isa = PBXBuildFile; fileRef = 3742C3439A471F7B53384B90 /* Pods_SampleSupport.framework */; };
/* End PBXBuildFile section */

/* Begin PBXContainerItemProxy section */
		7FBC7CA125B748A000AB07EA /* PBXContainerItemProxy */ = {
			isa = PBXContainerItemProxy;
			containerPortal = 7FBC7C8225B7489D00AB07EA /* Project object */;
			proxyType = 1;
			remoteGlobalIDString = 7FBC7C8925B7489D00AB07EA;
			remoteInfo = SampleSupport;
		};
		7FBC7CAC25B748A000AB07EA /* PBXContainerItemProxy */ = {
			isa = PBXContainerItemProxy;
			containerPortal = 7FBC7C8225B7489D00AB07EA /* Project object */;
			proxyType = 1;
			remoteGlobalIDString = 7FBC7C8925B7489D00AB07EA;
			remoteInfo = SampleSupport;
		};
/* End PBXContainerItemProxy section */

/* Begin PBXFileReference section */
		0D2C53191CA11AE1E3046A90 /* Pods-SampleSupport.debug.xcconfig */ = {isa = PBXFileReference; includeInIndex = 1; lastKnownFileType = text.xcconfig; name = "Pods-SampleSupport.debug.xcconfig"; path = "Target Support Files/Pods-SampleSupport/Pods-SampleSupport.debug.xcconfig"; sourceTree = "<group>"; };
		333B6505948AC3B60A31FD9D /* Pods-SampleSupport.release.xcconfig */ = {isa = PBXFileReference; includeInIndex = 1; lastKnownFileType = text.xcconfig; name = "Pods-SampleSupport.release.xcconfig"; path = "Target Support Files/Pods-SampleSupport/Pods-SampleSupport.release.xcconfig"; sourceTree = "<group>"; };
		3742C3439A471F7B53384B90 /* Pods_SampleSupport.framework */ = {isa = PBXFileReference; explicitFileType = wrapper.framework; includeInIndex = 0; path = Pods_SampleSupport.framework; sourceTree = BUILT_PRODUCTS_DIR; };
		619A1723DEBACC055B3AB576 /* Pods_SampleSupportTests.framework */ = {isa = PBXFileReference; explicitFileType = wrapper.framework; includeInIndex = 0; path = Pods_SampleSupportTests.framework; sourceTree = BUILT_PRODUCTS_DIR; };
		7F2CCA0025E77B5500376645 /* QRcodeReaderViewController.swift */ = {isa = PBXFileReference; fileEncoding = 4; lastKnownFileType = sourcecode.swift; path = QRcodeReaderViewController.swift; sourceTree = "<group>"; };
		7F5541CF25DFC2720037311A /* DataDownloadViewController.swift */ = {isa = PBXFileReference; lastKnownFileType = sourcecode.swift; path = DataDownloadViewController.swift; sourceTree = "<group>"; };
		7F5541D425DFC7DD0037311A /* GetJson.swift */ = {isa = PBXFileReference; fileEncoding = 4; lastKnownFileType = sourcecode.swift; path = GetJson.swift; sourceTree = "<group>"; };
		7F5D1FFA25D6072F0099D48A /* SettingViewController.swift */ = {isa = PBXFileReference; lastKnownFileType = sourcecode.swift; path = SettingViewController.swift; sourceTree = "<group>"; };
		7FBC7C8A25B7489D00AB07EA /* SampleSupport.app */ = {isa = PBXFileReference; explicitFileType = wrapper.application; includeInIndex = 0; path = SampleSupport.app; sourceTree = BUILT_PRODUCTS_DIR; };
		7FBC7C8D25B7489D00AB07EA /* AppDelegate.swift */ = {isa = PBXFileReference; lastKnownFileType = sourcecode.swift; path = AppDelegate.swift; sourceTree = "<group>"; };
		7FBC7C8F25B7489D00AB07EA /* SceneDelegate.swift */ = {isa = PBXFileReference; lastKnownFileType = sourcecode.swift; path = SceneDelegate.swift; sourceTree = "<group>"; };
		7FBC7C9425B7489D00AB07EA /* Base */ = {isa = PBXFileReference; lastKnownFileType = file.storyboard; name = Base; path = Base.lproj/Main.storyboard; sourceTree = "<group>"; };
		7FBC7C9625B748A000AB07EA /* Assets.xcassets */ = {isa = PBXFileReference; lastKnownFileType = folder.assetcatalog; path = Assets.xcassets; sourceTree = "<group>"; };
		7FBC7C9925B748A000AB07EA /* Base */ = {isa = PBXFileReference; lastKnownFileType = file.storyboard; name = Base; path = Base.lproj/LaunchScreen.storyboard; sourceTree = "<group>"; };
		7FBC7C9B25B748A000AB07EA /* Info.plist */ = {isa = PBXFileReference; lastKnownFileType = text.plist.xml; path = Info.plist; sourceTree = "<group>"; };
		7FBC7CA025B748A000AB07EA /* SampleSupportTests.xctest */ = {isa = PBXFileReference; explicitFileType = wrapper.cfbundle; includeInIndex = 0; path = SampleSupportTests.xctest; sourceTree = BUILT_PRODUCTS_DIR; };
		7FBC7CA425B748A000AB07EA /* SampleSupportTests.swift */ = {isa = PBXFileReference; lastKnownFileType = sourcecode.swift; path = SampleSupportTests.swift; sourceTree = "<group>"; };
		7FBC7CA625B748A000AB07EA /* Info.plist */ = {isa = PBXFileReference; lastKnownFileType = text.plist.xml; path = Info.plist; sourceTree = "<group>"; };
		7FBC7CAB25B748A000AB07EA /* SampleSupportUITests.xctest */ = {isa = PBXFileReference; explicitFileType = wrapper.cfbundle; includeInIndex = 0; path = SampleSupportUITests.xctest; sourceTree = BUILT_PRODUCTS_DIR; };
		7FBC7CAF25B748A000AB07EA /* SampleSupportUITests.swift */ = {isa = PBXFileReference; lastKnownFileType = sourcecode.swift; path = SampleSupportUITests.swift; sourceTree = "<group>"; };
		7FBC7CB125B748A000AB07EA /* Info.plist */ = {isa = PBXFileReference; lastKnownFileType = text.plist.xml; path = Info.plist; sourceTree = "<group>"; };
		7FBC7CC225B74A3E00AB07EA /* MenuViewController.swift */ = {isa = PBXFileReference; fileEncoding = 4; lastKnownFileType = sourcecode.swift; path = MenuViewController.swift; sourceTree = "<group>"; };
		7FBC7CC325B74A3E00AB07EA /* ArchiveViewController.swift */ = {isa = PBXFileReference; fileEncoding = 4; lastKnownFileType = sourcecode.swift; path = ArchiveViewController.swift; sourceTree = "<group>"; };
		7FBC7CC425B74A3E00AB07EA /* MainTabBarController.swift */ = {isa = PBXFileReference; fileEncoding = 4; lastKnownFileType = sourcecode.swift; path = MainTabBarController.swift; sourceTree = "<group>"; };
		7FBC7CC525B74A3E00AB07EA /* HomeViewController.swift */ = {isa = PBXFileReference; fileEncoding = 4; lastKnownFileType = sourcecode.swift; path = HomeViewController.swift; sourceTree = "<group>"; };
		7FBC7CC625B74A3E00AB07EA /* DetailedWorksViewController.swift */ = {isa = PBXFileReference; fileEncoding = 4; lastKnownFileType = sourcecode.swift; path = DetailedWorksViewController.swift; sourceTree = "<group>"; };
		7FBC7CC725B74A3E00AB07EA /* MainNavigationController.swift */ = {isa = PBXFileReference; fileEncoding = 4; lastKnownFileType = sourcecode.swift; path = MainNavigationController.swift; sourceTree = "<group>"; };
		7FBC7CC825B74A3E00AB07EA /* FloorMapViewController.swift */ = {isa = PBXFileReference; fileEncoding = 4; lastKnownFileType = sourcecode.swift; path = FloorMapViewController.swift; sourceTree = "<group>"; };
		7FBC7CD525B74A7600AB07EA /* ArchiveHeader.swift */ = {isa = PBXFileReference; fileEncoding = 4; lastKnownFileType = sourcecode.swift; path = ArchiveHeader.swift; sourceTree = "<group>"; };
		7FBC7CD725B74A7600AB07EA /* ArchiveCell.swift */ = {isa = PBXFileReference; fileEncoding = 4; lastKnownFileType = sourcecode.swift; path = ArchiveCell.swift; sourceTree = "<group>"; };
		7FBC7CDF25B74A8E00AB07EA /* Extensions.swift */ = {isa = PBXFileReference; fileEncoding = 4; lastKnownFileType = sourcecode.swift; path = Extensions.swift; sourceTree = "<group>"; };
		7FBC7CEA25B7506700AB07EA /* SampleSupport.entitlements */ = {isa = PBXFileReference; lastKnownFileType = text.plist.entitlements; path = SampleSupport.entitlements; sourceTree = "<group>"; };
		7FBC7CEC25B7506800AB07EA /* ExternalAccessory.framework */ = {isa = PBXFileReference; lastKnownFileType = wrapper.framework; name = ExternalAccessory.framework; path = System/Library/Frameworks/ExternalAccessory.framework; sourceTree = SDKROOT; };
		7FC1337925DE0A7000498DDF /* ExhibitionModel.swift */ = {isa = PBXFileReference; lastKnownFileType = sourcecode.swift; path = ExhibitionModel.swift; sourceTree = "<group>"; };
		7FC1337E25DE0C8300498DDF /* CategoryModel.swift */ = {isa = PBXFileReference; lastKnownFileType = sourcecode.swift; path = CategoryModel.swift; sourceTree = "<group>"; };
		7FC1338325DE0CED00498DDF /* WorksModel.swift */ = {isa = PBXFileReference; lastKnownFileType = sourcecode.swift; path = WorksModel.swift; sourceTree = "<group>"; };
		7FC1338925DE0E0F00498DDF /* ExhibitionData.json */ = {isa = PBXFileReference; fileEncoding = 4; lastKnownFileType = text.json; path = ExhibitionData.json; sourceTree = "<group>"; };
		7FC1338E25DE0E1900498DDF /* CategoryData.json */ = {isa = PBXFileReference; fileEncoding = 4; lastKnownFileType = text.json; path = CategoryData.json; sourceTree = "<group>"; };
		7FC1339325DE0E2100498DDF /* WorksData.json */ = {isa = PBXFileReference; fileEncoding = 4; lastKnownFileType = text.json; path = WorksData.json; sourceTree = "<group>"; };
		7FC1339A25DE0F8900498DDF /* ExhibitionPresenter.swift */ = {isa = PBXFileReference; lastKnownFileType = sourcecode.swift; path = ExhibitionPresenter.swift; sourceTree = "<group>"; };
		7FC1339F25DE112B00498DDF /* CategoryPresenter.swift */ = {isa = PBXFileReference; lastKnownFileType = sourcecode.swift; path = CategoryPresenter.swift; sourceTree = "<group>"; };
		7FC133A425DE121700498DDF /* WorksPresenter.swift */ = {isa = PBXFileReference; lastKnownFileType = sourcecode.swift; path = WorksPresenter.swift; sourceTree = "<group>"; };
		814B5EFC1CCF1B7CC7D70AD4 /* Pods-SampleSupport-SampleSupportUITests.debug.xcconfig */ = {isa = PBXFileReference; includeInIndex = 1; lastKnownFileType = text.xcconfig; name = "Pods-SampleSupport-SampleSupportUITests.debug.xcconfig"; path = "Target Support Files/Pods-SampleSupport-SampleSupportUITests/Pods-SampleSupport-SampleSupportUITests.debug.xcconfig"; sourceTree = "<group>"; };
		8FC4187C48DC7ED6384082D6 /* Pods-SampleSupport-SampleSupportUITests.release.xcconfig */ = {isa = PBXFileReference; includeInIndex = 1; lastKnownFileType = text.xcconfig; name = "Pods-SampleSupport-SampleSupportUITests.release.xcconfig"; path = "Target Support Files/Pods-SampleSupport-SampleSupportUITests/Pods-SampleSupport-SampleSupportUITests.release.xcconfig"; sourceTree = "<group>"; };
		91D8003EAB7E52AD871D8B0F /* Pods-SampleSupportTests.debug.xcconfig */ = {isa = PBXFileReference; includeInIndex = 1; lastKnownFileType = text.xcconfig; name = "Pods-SampleSupportTests.debug.xcconfig"; path = "Target Support Files/Pods-SampleSupportTests/Pods-SampleSupportTests.debug.xcconfig"; sourceTree = "<group>"; };
		D04044BD6B2C210D4FC22E1C /* Pods-SampleSupportTests.release.xcconfig */ = {isa = PBXFileReference; includeInIndex = 1; lastKnownFileType = text.xcconfig; name = "Pods-SampleSupportTests.release.xcconfig"; path = "Target Support Files/Pods-SampleSupportTests/Pods-SampleSupportTests.release.xcconfig"; sourceTree = "<group>"; };
		FF6E0E542B6E197DBB49AAC2 /* Pods_SampleSupport_SampleSupportUITests.framework */ = {isa = PBXFileReference; explicitFileType = wrapper.framework; includeInIndex = 0; path = Pods_SampleSupport_SampleSupportUITests.framework; sourceTree = BUILT_PRODUCTS_DIR; };
/* End PBXFileReference section */

/* Begin PBXFrameworksBuildPhase section */
		7FBC7C8725B7489D00AB07EA /* Frameworks */ = {
			isa = PBXFrameworksBuildPhase;
			buildActionMask = 2147483647;
			files = (
				7FBC7CED25B7506800AB07EA /* ExternalAccessory.framework in Frameworks */,
				C47379E983F534189BCF9FAB /* Pods_SampleSupport.framework in Frameworks */,
			);
			runOnlyForDeploymentPostprocessing = 0;
		};
		7FBC7C9D25B748A000AB07EA /* Frameworks */ = {
			isa = PBXFrameworksBuildPhase;
			buildActionMask = 2147483647;
			files = (
				2432194BC89DAD0BCFDEB98F /* Pods_SampleSupportTests.framework in Frameworks */,
			);
			runOnlyForDeploymentPostprocessing = 0;
		};
		7FBC7CA825B748A000AB07EA /* Frameworks */ = {
			isa = PBXFrameworksBuildPhase;
			buildActionMask = 2147483647;
			files = (
				9912D7DE1A242A5A93E79B4B /* Pods_SampleSupport_SampleSupportUITests.framework in Frameworks */,
			);
			runOnlyForDeploymentPostprocessing = 0;
		};
/* End PBXFrameworksBuildPhase section */

/* Begin PBXGroup section */
		54A38C4DF1D8DF9F83B585D2 /* Pods */ = {
			isa = PBXGroup;
			children = (
				0D2C53191CA11AE1E3046A90 /* Pods-SampleSupport.debug.xcconfig */,
				333B6505948AC3B60A31FD9D /* Pods-SampleSupport.release.xcconfig */,
				814B5EFC1CCF1B7CC7D70AD4 /* Pods-SampleSupport-SampleSupportUITests.debug.xcconfig */,
				8FC4187C48DC7ED6384082D6 /* Pods-SampleSupport-SampleSupportUITests.release.xcconfig */,
				91D8003EAB7E52AD871D8B0F /* Pods-SampleSupportTests.debug.xcconfig */,
				D04044BD6B2C210D4FC22E1C /* Pods-SampleSupportTests.release.xcconfig */,
			);
			path = Pods;
			sourceTree = "<group>";
		};
		7FBC7C8125B7489D00AB07EA = {
			isa = PBXGroup;
			children = (
				7FBC7C8C25B7489D00AB07EA /* SampleSupport */,
				7FBC7CA325B748A000AB07EA /* SampleSupportTests */,
				7FBC7CAE25B748A000AB07EA /* SampleSupportUITests */,
				7FBC7C8B25B7489D00AB07EA /* Products */,
				7FBC7CEB25B7506800AB07EA /* Frameworks */,
				54A38C4DF1D8DF9F83B585D2 /* Pods */,
			);
			sourceTree = "<group>";
		};
		7FBC7C8B25B7489D00AB07EA /* Products */ = {
			isa = PBXGroup;
			children = (
				7FBC7C8A25B7489D00AB07EA /* SampleSupport.app */,
				7FBC7CA025B748A000AB07EA /* SampleSupportTests.xctest */,
				7FBC7CAB25B748A000AB07EA /* SampleSupportUITests.xctest */,
			);
			name = Products;
			sourceTree = "<group>";
		};
		7FBC7C8C25B7489D00AB07EA /* SampleSupport */ = {
			isa = PBXGroup;
			children = (
				7FBC7CEA25B7506700AB07EA /* SampleSupport.entitlements */,
				7FBC7C9B25B748A000AB07EA /* Info.plist */,
				7FBC7C9625B748A000AB07EA /* Assets.xcassets */,
				7FBC7C8D25B7489D00AB07EA /* AppDelegate.swift */,
				7FBC7C8F25B7489D00AB07EA /* SceneDelegate.swift */,
				7FBC7CDF25B74A8E00AB07EA /* Extensions.swift */,
				7F5541D425DFC7DD0037311A /* GetJson.swift */,
				7FC1338825DE0E0100498DDF /* Data */,
				7FC1339925DE0F0100498DDF /* Presenter */,
				7FC1337825DE0A5300498DDF /* Model */,
				7FBC7CC025B7497600AB07EA /* Storyboard */,
				7FBC7CD325B74A5A00AB07EA /* View */,
				7FBC7CC125B7498700AB07EA /* ViewController */,
			);
			path = SampleSupport;
			sourceTree = "<group>";
		};
		7FBC7CA325B748A000AB07EA /* SampleSupportTests */ = {
			isa = PBXGroup;
			children = (
				7FBC7CA425B748A000AB07EA /* SampleSupportTests.swift */,
				7FBC7CA625B748A000AB07EA /* Info.plist */,
			);
			path = SampleSupportTests;
			sourceTree = "<group>";
		};
		7FBC7CAE25B748A000AB07EA /* SampleSupportUITests */ = {
			isa = PBXGroup;
			children = (
				7FBC7CAF25B748A000AB07EA /* SampleSupportUITests.swift */,
				7FBC7CB125B748A000AB07EA /* Info.plist */,
			);
			path = SampleSupportUITests;
			sourceTree = "<group>";
		};
		7FBC7CC025B7497600AB07EA /* Storyboard */ = {
			isa = PBXGroup;
			children = (
				7FBC7C9825B748A000AB07EA /* LaunchScreen.storyboard */,
				7FBC7C9325B7489D00AB07EA /* Main.storyboard */,
			);
			path = Storyboard;
			sourceTree = "<group>";
		};
		7FBC7CC125B7498700AB07EA /* ViewController */ = {
			isa = PBXGroup;
			children = (
				7F5541CF25DFC2720037311A /* DataDownloadViewController.swift */,
				7F2CCA0025E77B5500376645 /* QRcodeReaderViewController.swift */,
				7FBC7CC425B74A3E00AB07EA /* MainTabBarController.swift */,
				7FBC7CC725B74A3E00AB07EA /* MainNavigationController.swift */,
				7FBC7CC525B74A3E00AB07EA /* HomeViewController.swift */,
				7FBC7CC825B74A3E00AB07EA /* FloorMapViewController.swift */,
				7FBC7CC225B74A3E00AB07EA /* MenuViewController.swift */,
				7FBC7CC625B74A3E00AB07EA /* DetailedWorksViewController.swift */,
				7FBC7CC325B74A3E00AB07EA /* ArchiveViewController.swift */,
				7F5D1FFA25D6072F0099D48A /* SettingViewController.swift */,
			);
			path = ViewController;
			sourceTree = "<group>";
		};
		7FBC7CD325B74A5A00AB07EA /* View */ = {
			isa = PBXGroup;
			children = (
				7FBC7CD525B74A7600AB07EA /* ArchiveHeader.swift */,
				7FBC7CD725B74A7600AB07EA /* ArchiveCell.swift */,
			);
			path = View;
			sourceTree = "<group>";
		};
		7FBC7CEB25B7506800AB07EA /* Frameworks */ = {
			isa = PBXGroup;
			children = (
				7FBC7CEC25B7506800AB07EA /* ExternalAccessory.framework */,
				3742C3439A471F7B53384B90 /* Pods_SampleSupport.framework */,
				FF6E0E542B6E197DBB49AAC2 /* Pods_SampleSupport_SampleSupportUITests.framework */,
				619A1723DEBACC055B3AB576 /* Pods_SampleSupportTests.framework */,
			);
			name = Frameworks;
			sourceTree = "<group>";
		};
		7FC1337825DE0A5300498DDF /* Model */ = {
			isa = PBXGroup;
			children = (
				7FC1337925DE0A7000498DDF /* ExhibitionModel.swift */,
				7FC1337E25DE0C8300498DDF /* CategoryModel.swift */,
				7FC1338325DE0CED00498DDF /* WorksModel.swift */,
			);
			path = Model;
			sourceTree = "<group>";
		};
		7FC1338825DE0E0100498DDF /* Data */ = {
			isa = PBXGroup;
			children = (
				7FC1338925DE0E0F00498DDF /* ExhibitionData.json */,
				7FC1338E25DE0E1900498DDF /* CategoryData.json */,
				7FC1339325DE0E2100498DDF /* WorksData.json */,
			);
			path = Data;
			sourceTree = "<group>";
		};
		7FC1339925DE0F0100498DDF /* Presenter */ = {
			isa = PBXGroup;
			children = (
				7FC1339A25DE0F8900498DDF /* ExhibitionPresenter.swift */,
				7FC1339F25DE112B00498DDF /* CategoryPresenter.swift */,
				7FC133A425DE121700498DDF /* WorksPresenter.swift */,
			);
			path = Presenter;
			sourceTree = "<group>";
		};
/* End PBXGroup section */

/* Begin PBXNativeTarget section */
		7FBC7C8925B7489D00AB07EA /* SampleSupport */ = {
			isa = PBXNativeTarget;
			buildConfigurationList = 7FBC7CB425B748A000AB07EA /* Build configuration list for PBXNativeTarget "SampleSupport" */;
			buildPhases = (
				E5E49C79A9995F5D70E0E120 /* [CP] Check Pods Manifest.lock */,
				7FBC7C8625B7489D00AB07EA /* Sources */,
				7FBC7C8725B7489D00AB07EA /* Frameworks */,
				7FBC7C8825B7489D00AB07EA /* Resources */,
				25E94C2A4926009303AEE4C2 /* [CP] Embed Pods Frameworks */,
			);
			buildRules = (
			);
			dependencies = (
			);
			name = SampleSupport;
			productName = SampleSupport;
			productReference = 7FBC7C8A25B7489D00AB07EA /* SampleSupport.app */;
			productType = "com.apple.product-type.application";
		};
		7FBC7C9F25B748A000AB07EA /* SampleSupportTests */ = {
			isa = PBXNativeTarget;
			buildConfigurationList = 7FBC7CB725B748A000AB07EA /* Build configuration list for PBXNativeTarget "SampleSupportTests" */;
			buildPhases = (
				9550007F589544ABAE709208 /* [CP] Check Pods Manifest.lock */,
				7FBC7C9C25B748A000AB07EA /* Sources */,
				7FBC7C9D25B748A000AB07EA /* Frameworks */,
				7FBC7C9E25B748A000AB07EA /* Resources */,
			);
			buildRules = (
			);
			dependencies = (
				7FBC7CA225B748A000AB07EA /* PBXTargetDependency */,
			);
			name = SampleSupportTests;
			productName = SampleSupportTests;
			productReference = 7FBC7CA025B748A000AB07EA /* SampleSupportTests.xctest */;
			productType = "com.apple.product-type.bundle.unit-test";
		};
		7FBC7CAA25B748A000AB07EA /* SampleSupportUITests */ = {
			isa = PBXNativeTarget;
			buildConfigurationList = 7FBC7CBA25B748A000AB07EA /* Build configuration list for PBXNativeTarget "SampleSupportUITests" */;
			buildPhases = (
				777A0234B6933698576E099F /* [CP] Check Pods Manifest.lock */,
				7FBC7CA725B748A000AB07EA /* Sources */,
				7FBC7CA825B748A000AB07EA /* Frameworks */,
				7FBC7CA925B748A000AB07EA /* Resources */,
				F70B2F648B4EFF3E50DF1385 /* [CP] Embed Pods Frameworks */,
			);
			buildRules = (
			);
			dependencies = (
				7FBC7CAD25B748A000AB07EA /* PBXTargetDependency */,
			);
			name = SampleSupportUITests;
			productName = SampleSupportUITests;
			productReference = 7FBC7CAB25B748A000AB07EA /* SampleSupportUITests.xctest */;
			productType = "com.apple.product-type.bundle.ui-testing";
		};
/* End PBXNativeTarget section */

/* Begin PBXProject section */
		7FBC7C8225B7489D00AB07EA /* Project object */ = {
			isa = PBXProject;
			attributes = {
				LastSwiftUpdateCheck = 1220;
				LastUpgradeCheck = 1220;
				TargetAttributes = {
					7FBC7C8925B7489D00AB07EA = {
						CreatedOnToolsVersion = 12.2;
					};
					7FBC7C9F25B748A000AB07EA = {
						CreatedOnToolsVersion = 12.2;
						TestTargetID = 7FBC7C8925B7489D00AB07EA;
					};
					7FBC7CAA25B748A000AB07EA = {
						CreatedOnToolsVersion = 12.2;
						TestTargetID = 7FBC7C8925B7489D00AB07EA;
					};
				};
			};
			buildConfigurationList = 7FBC7C8525B7489D00AB07EA /* Build configuration list for PBXProject "SampleSupport" */;
			compatibilityVersion = "Xcode 9.3";
			developmentRegion = en;
			hasScannedForEncodings = 0;
			knownRegions = (
				en,
				Base,
			);
			mainGroup = 7FBC7C8125B7489D00AB07EA;
			productRefGroup = 7FBC7C8B25B7489D00AB07EA /* Products */;
			projectDirPath = "";
			projectRoot = "";
			targets = (
				7FBC7C8925B7489D00AB07EA /* SampleSupport */,
				7FBC7C9F25B748A000AB07EA /* SampleSupportTests */,
				7FBC7CAA25B748A000AB07EA /* SampleSupportUITests */,
			);
		};
/* End PBXProject section */

/* Begin PBXResourcesBuildPhase section */
		7FBC7C8825B7489D00AB07EA /* Resources */ = {
			isa = PBXResourcesBuildPhase;
			buildActionMask = 2147483647;
			files = (
				7FC1338A25DE0E0F00498DDF /* ExhibitionData.json in Resources */,
				7FBC7C9A25B748A000AB07EA /* LaunchScreen.storyboard in Resources */,
				7FC1338F25DE0E1900498DDF /* CategoryData.json in Resources */,
				7FBC7C9725B748A000AB07EA /* Assets.xcassets in Resources */,
				7FC1339425DE0E2100498DDF /* WorksData.json in Resources */,
				7FBC7C9525B7489D00AB07EA /* Main.storyboard in Resources */,
			);
			runOnlyForDeploymentPostprocessing = 0;
		};
		7FBC7C9E25B748A000AB07EA /* Resources */ = {
			isa = PBXResourcesBuildPhase;
			buildActionMask = 2147483647;
			files = (
			);
			runOnlyForDeploymentPostprocessing = 0;
		};
		7FBC7CA925B748A000AB07EA /* Resources */ = {
			isa = PBXResourcesBuildPhase;
			buildActionMask = 2147483647;
			files = (
			);
			runOnlyForDeploymentPostprocessing = 0;
		};
/* End PBXResourcesBuildPhase section */

/* Begin PBXShellScriptBuildPhase section */
		25E94C2A4926009303AEE4C2 /* [CP] Embed Pods Frameworks */ = {
			isa = PBXShellScriptBuildPhase;
			buildActionMask = 2147483647;
			files = (
			);
			inputFileListPaths = (
				"${PODS_ROOT}/Target Support Files/Pods-SampleSupport/Pods-SampleSupport-frameworks-${CONFIGURATION}-input-files.xcfilelist",
			);
			name = "[CP] Embed Pods Frameworks";
			outputFileListPaths = (
				"${PODS_ROOT}/Target Support Files/Pods-SampleSupport/Pods-SampleSupport-frameworks-${CONFIGURATION}-output-files.xcfilelist",
			);
			runOnlyForDeploymentPostprocessing = 0;
			shellPath = /bin/sh;
			shellScript = "\"${PODS_ROOT}/Target Support Files/Pods-SampleSupport/Pods-SampleSupport-frameworks.sh\"\n";
			showEnvVarsInLog = 0;
		};
		777A0234B6933698576E099F /* [CP] Check Pods Manifest.lock */ = {
			isa = PBXShellScriptBuildPhase;
			buildActionMask = 2147483647;
			files = (
			);
			inputFileListPaths = (
			);
			inputPaths = (
				"${PODS_PODFILE_DIR_PATH}/Podfile.lock",
				"${PODS_ROOT}/Manifest.lock",
			);
			name = "[CP] Check Pods Manifest.lock";
			outputFileListPaths = (
			);
			outputPaths = (
				"$(DERIVED_FILE_DIR)/Pods-SampleSupport-SampleSupportUITests-checkManifestLockResult.txt",
			);
			runOnlyForDeploymentPostprocessing = 0;
			shellPath = /bin/sh;
			shellScript = "diff \"${PODS_PODFILE_DIR_PATH}/Podfile.lock\" \"${PODS_ROOT}/Manifest.lock\" > /dev/null\nif [ $? != 0 ] ; then\n    # print error to STDERR\n    echo \"error: The sandbox is not in sync with the Podfile.lock. Run 'pod install' or update your CocoaPods installation.\" >&2\n    exit 1\nfi\n# This output is used by Xcode 'outputs' to avoid re-running this script phase.\necho \"SUCCESS\" > \"${SCRIPT_OUTPUT_FILE_0}\"\n";
			showEnvVarsInLog = 0;
		};
		9550007F589544ABAE709208 /* [CP] Check Pods Manifest.lock */ = {
			isa = PBXShellScriptBuildPhase;
			buildActionMask = 2147483647;
			files = (
			);
			inputFileListPaths = (
			);
			inputPaths = (
				"${PODS_PODFILE_DIR_PATH}/Podfile.lock",
				"${PODS_ROOT}/Manifest.lock",
			);
			name = "[CP] Check Pods Manifest.lock";
			outputFileListPaths = (
			);
			outputPaths = (
				"$(DERIVED_FILE_DIR)/Pods-SampleSupportTests-checkManifestLockResult.txt",
			);
			runOnlyForDeploymentPostprocessing = 0;
			shellPath = /bin/sh;
			shellScript = "diff \"${PODS_PODFILE_DIR_PATH}/Podfile.lock\" \"${PODS_ROOT}/Manifest.lock\" > /dev/null\nif [ $? != 0 ] ; then\n    # print error to STDERR\n    echo \"error: The sandbox is not in sync with the Podfile.lock. Run 'pod install' or update your CocoaPods installation.\" >&2\n    exit 1\nfi\n# This output is used by Xcode 'outputs' to avoid re-running this script phase.\necho \"SUCCESS\" > \"${SCRIPT_OUTPUT_FILE_0}\"\n";
			showEnvVarsInLog = 0;
		};
		E5E49C79A9995F5D70E0E120 /* [CP] Check Pods Manifest.lock */ = {
			isa = PBXShellScriptBuildPhase;
			buildActionMask = 2147483647;
			files = (
			);
			inputFileListPaths = (
			);
			inputPaths = (
				"${PODS_PODFILE_DIR_PATH}/Podfile.lock",
				"${PODS_ROOT}/Manifest.lock",
			);
			name = "[CP] Check Pods Manifest.lock";
			outputFileListPaths = (
			);
			outputPaths = (
				"$(DERIVED_FILE_DIR)/Pods-SampleSupport-checkManifestLockResult.txt",
			);
			runOnlyForDeploymentPostprocessing = 0;
			shellPath = /bin/sh;
			shellScript = "diff \"${PODS_PODFILE_DIR_PATH}/Podfile.lock\" \"${PODS_ROOT}/Manifest.lock\" > /dev/null\nif [ $? != 0 ] ; then\n    # print error to STDERR\n    echo \"error: The sandbox is not in sync with the Podfile.lock. Run 'pod install' or update your CocoaPods installation.\" >&2\n    exit 1\nfi\n# This output is used by Xcode 'outputs' to avoid re-running this script phase.\necho \"SUCCESS\" > \"${SCRIPT_OUTPUT_FILE_0}\"\n";
			showEnvVarsInLog = 0;
		};
		F70B2F648B4EFF3E50DF1385 /* [CP] Embed Pods Frameworks */ = {
			isa = PBXShellScriptBuildPhase;
			buildActionMask = 2147483647;
			files = (
			);
			inputFileListPaths = (
				"${PODS_ROOT}/Target Support Files/Pods-SampleSupport-SampleSupportUITests/Pods-SampleSupport-SampleSupportUITests-frameworks-${CONFIGURATION}-input-files.xcfilelist",
			);
			name = "[CP] Embed Pods Frameworks";
			outputFileListPaths = (
				"${PODS_ROOT}/Target Support Files/Pods-SampleSupport-SampleSupportUITests/Pods-SampleSupport-SampleSupportUITests-frameworks-${CONFIGURATION}-output-files.xcfilelist",
			);
			runOnlyForDeploymentPostprocessing = 0;
			shellPath = /bin/sh;
			shellScript = "\"${PODS_ROOT}/Target Support Files/Pods-SampleSupport-SampleSupportUITests/Pods-SampleSupport-SampleSupportUITests-frameworks.sh\"\n";
			showEnvVarsInLog = 0;
		};
/* End PBXShellScriptBuildPhase section */

/* Begin PBXSourcesBuildPhase section */
		7FBC7C8625B7489D00AB07EA /* Sources */ = {
			isa = PBXSourcesBuildPhase;
			buildActionMask = 2147483647;
			files = (
				7F5541D025DFC2720037311A /* DataDownloadViewController.swift in Sources */,
				7FBC7CCE25B74A3E00AB07EA /* MainNavigationController.swift in Sources */,
				7FC1339B25DE0F8900498DDF /* ExhibitionPresenter.swift in Sources */,
				7FBC7CD925B74A7600AB07EA /* ArchiveHeader.swift in Sources */,
				7FC1338425DE0CED00498DDF /* WorksModel.swift in Sources */,
				7FC133A025DE112B00498DDF /* CategoryPresenter.swift in Sources */,
				7FBC7C8E25B7489D00AB07EA /* AppDelegate.swift in Sources */,
				7F5D1FFB25D6072F0099D48A /* SettingViewController.swift in Sources */,
				7FC1337A25DE0A7000498DDF /* ExhibitionModel.swift in Sources */,
				7FBC7CDB25B74A7600AB07EA /* ArchiveCell.swift in Sources */,
				7FBC7CCB25B74A3E00AB07EA /* MainTabBarController.swift in Sources */,
				7FBC7CCF25B74A3E00AB07EA /* FloorMapViewController.swift in Sources */,
				7F2CCA0125E77B5500376645 /* QRcodeReaderViewController.swift in Sources */,
				7FBC7C9025B7489D00AB07EA /* SceneDelegate.swift in Sources */,
				7FBC7CE025B74A8E00AB07EA /* Extensions.swift in Sources */,
				7FBC7CCA25B74A3E00AB07EA /* ArchiveViewController.swift in Sources */,
				7FBC7CCC25B74A3E00AB07EA /* HomeViewController.swift in Sources */,
				7FC133A525DE121700498DDF /* WorksPresenter.swift in Sources */,
				7FBC7CC925B74A3E00AB07EA /* MenuViewController.swift in Sources */,
				7FC1337F25DE0C8300498DDF /* CategoryModel.swift in Sources */,
				7F5541D525DFC7DD0037311A /* GetJson.swift in Sources */,
				7FBC7CCD25B74A3E00AB07EA /* DetailedWorksViewController.swift in Sources */,
			);
			runOnlyForDeploymentPostprocessing = 0;
		};
		7FBC7C9C25B748A000AB07EA /* Sources */ = {
			isa = PBXSourcesBuildPhase;
			buildActionMask = 2147483647;
			files = (
				7FBC7CA525B748A000AB07EA /* SampleSupportTests.swift in Sources */,
			);
			runOnlyForDeploymentPostprocessing = 0;
		};
		7FBC7CA725B748A000AB07EA /* Sources */ = {
			isa = PBXSourcesBuildPhase;
			buildActionMask = 2147483647;
			files = (
				7FBC7CB025B748A000AB07EA /* SampleSupportUITests.swift in Sources */,
			);
			runOnlyForDeploymentPostprocessing = 0;
		};
/* End PBXSourcesBuildPhase section */

/* Begin PBXTargetDependency section */
		7FBC7CA225B748A000AB07EA /* PBXTargetDependency */ = {
			isa = PBXTargetDependency;
			target = 7FBC7C8925B7489D00AB07EA /* SampleSupport */;
			targetProxy = 7FBC7CA125B748A000AB07EA /* PBXContainerItemProxy */;
		};
		7FBC7CAD25B748A000AB07EA /* PBXTargetDependency */ = {
			isa = PBXTargetDependency;
			target = 7FBC7C8925B7489D00AB07EA /* SampleSupport */;
			targetProxy = 7FBC7CAC25B748A000AB07EA /* PBXContainerItemProxy */;
		};
/* End PBXTargetDependency section */

/* Begin PBXVariantGroup section */
		7FBC7C9325B7489D00AB07EA /* Main.storyboard */ = {
			isa = PBXVariantGroup;
			children = (
				7FBC7C9425B7489D00AB07EA /* Base */,
			);
			name = Main.storyboard;
			sourceTree = "<group>";
		};
		7FBC7C9825B748A000AB07EA /* LaunchScreen.storyboard */ = {
			isa = PBXVariantGroup;
			children = (
				7FBC7C9925B748A000AB07EA /* Base */,
			);
			name = LaunchScreen.storyboard;
			sourceTree = "<group>";
		};
/* End PBXVariantGroup section */

/* Begin XCBuildConfiguration section */
		7FBC7CB225B748A000AB07EA /* Debug */ = {
			isa = XCBuildConfiguration;
			buildSettings = {
				ALWAYS_SEARCH_USER_PATHS = NO;
				CLANG_ANALYZER_NONNULL = YES;
				CLANG_ANALYZER_NUMBER_OBJECT_CONVERSION = YES_AGGRESSIVE;
				CLANG_CXX_LANGUAGE_STANDARD = "gnu++14";
				CLANG_CXX_LIBRARY = "libc++";
				CLANG_ENABLE_MODULES = YES;
				CLANG_ENABLE_OBJC_ARC = YES;
				CLANG_ENABLE_OBJC_WEAK = YES;
				CLANG_WARN_BLOCK_CAPTURE_AUTORELEASING = YES;
				CLANG_WARN_BOOL_CONVERSION = YES;
				CLANG_WARN_COMMA = YES;
				CLANG_WARN_CONSTANT_CONVERSION = YES;
				CLANG_WARN_DEPRECATED_OBJC_IMPLEMENTATIONS = YES;
				CLANG_WARN_DIRECT_OBJC_ISA_USAGE = YES_ERROR;
				CLANG_WARN_DOCUMENTATION_COMMENTS = YES;
				CLANG_WARN_EMPTY_BODY = YES;
				CLANG_WARN_ENUM_CONVERSION = YES;
				CLANG_WARN_INFINITE_RECURSION = YES;
				CLANG_WARN_INT_CONVERSION = YES;
				CLANG_WARN_NON_LITERAL_NULL_CONVERSION = YES;
				CLANG_WARN_OBJC_IMPLICIT_RETAIN_SELF = YES;
				CLANG_WARN_OBJC_LITERAL_CONVERSION = YES;
				CLANG_WARN_OBJC_ROOT_CLASS = YES_ERROR;
				CLANG_WARN_QUOTED_INCLUDE_IN_FRAMEWORK_HEADER = YES;
				CLANG_WARN_RANGE_LOOP_ANALYSIS = YES;
				CLANG_WARN_STRICT_PROTOTYPES = YES;
				CLANG_WARN_SUSPICIOUS_MOVE = YES;
				CLANG_WARN_UNGUARDED_AVAILABILITY = YES_AGGRESSIVE;
				CLANG_WARN_UNREACHABLE_CODE = YES;
				CLANG_WARN__DUPLICATE_METHOD_MATCH = YES;
				COPY_PHASE_STRIP = NO;
				DEBUG_INFORMATION_FORMAT = dwarf;
				ENABLE_STRICT_OBJC_MSGSEND = YES;
				ENABLE_TESTABILITY = YES;
				GCC_C_LANGUAGE_STANDARD = gnu11;
				GCC_DYNAMIC_NO_PIC = NO;
				GCC_NO_COMMON_BLOCKS = YES;
				GCC_OPTIMIZATION_LEVEL = 0;
				GCC_PREPROCESSOR_DEFINITIONS = (
					"DEBUG=1",
					"$(inherited)",
				);
				GCC_WARN_64_TO_32_BIT_CONVERSION = YES;
				GCC_WARN_ABOUT_RETURN_TYPE = YES_ERROR;
				GCC_WARN_UNDECLARED_SELECTOR = YES;
				GCC_WARN_UNINITIALIZED_AUTOS = YES_AGGRESSIVE;
				GCC_WARN_UNUSED_FUNCTION = YES;
				GCC_WARN_UNUSED_VARIABLE = YES;
				IPHONEOS_DEPLOYMENT_TARGET = 14.2;
				MTL_ENABLE_DEBUG_INFO = INCLUDE_SOURCE;
				MTL_FAST_MATH = YES;
				ONLY_ACTIVE_ARCH = YES;
				SDKROOT = iphoneos;
				SWIFT_ACTIVE_COMPILATION_CONDITIONS = DEBUG;
				SWIFT_OPTIMIZATION_LEVEL = "-Onone";
			};
			name = Debug;
		};
		7FBC7CB325B748A000AB07EA /* Release */ = {
			isa = XCBuildConfiguration;
			buildSettings = {
				ALWAYS_SEARCH_USER_PATHS = NO;
				CLANG_ANALYZER_NONNULL = YES;
				CLANG_ANALYZER_NUMBER_OBJECT_CONVERSION = YES_AGGRESSIVE;
				CLANG_CXX_LANGUAGE_STANDARD = "gnu++14";
				CLANG_CXX_LIBRARY = "libc++";
				CLANG_ENABLE_MODULES = YES;
				CLANG_ENABLE_OBJC_ARC = YES;
				CLANG_ENABLE_OBJC_WEAK = YES;
				CLANG_WARN_BLOCK_CAPTURE_AUTORELEASING = YES;
				CLANG_WARN_BOOL_CONVERSION = YES;
				CLANG_WARN_COMMA = YES;
				CLANG_WARN_CONSTANT_CONVERSION = YES;
				CLANG_WARN_DEPRECATED_OBJC_IMPLEMENTATIONS = YES;
				CLANG_WARN_DIRECT_OBJC_ISA_USAGE = YES_ERROR;
				CLANG_WARN_DOCUMENTATION_COMMENTS = YES;
				CLANG_WARN_EMPTY_BODY = YES;
				CLANG_WARN_ENUM_CONVERSION = YES;
				CLANG_WARN_INFINITE_RECURSION = YES;
				CLANG_WARN_INT_CONVERSION = YES;
				CLANG_WARN_NON_LITERAL_NULL_CONVERSION = YES;
				CLANG_WARN_OBJC_IMPLICIT_RETAIN_SELF = YES;
				CLANG_WARN_OBJC_LITERAL_CONVERSION = YES;
				CLANG_WARN_OBJC_ROOT_CLASS = YES_ERROR;
				CLANG_WARN_QUOTED_INCLUDE_IN_FRAMEWORK_HEADER = YES;
				CLANG_WARN_RANGE_LOOP_ANALYSIS = YES;
				CLANG_WARN_STRICT_PROTOTYPES = YES;
				CLANG_WARN_SUSPICIOUS_MOVE = YES;
				CLANG_WARN_UNGUARDED_AVAILABILITY = YES_AGGRESSIVE;
				CLANG_WARN_UNREACHABLE_CODE = YES;
				CLANG_WARN__DUPLICATE_METHOD_MATCH = YES;
				COPY_PHASE_STRIP = NO;
				DEBUG_INFORMATION_FORMAT = "dwarf-with-dsym";
				ENABLE_NS_ASSERTIONS = NO;
				ENABLE_STRICT_OBJC_MSGSEND = YES;
				GCC_C_LANGUAGE_STANDARD = gnu11;
				GCC_NO_COMMON_BLOCKS = YES;
				GCC_WARN_64_TO_32_BIT_CONVERSION = YES;
				GCC_WARN_ABOUT_RETURN_TYPE = YES_ERROR;
				GCC_WARN_UNDECLARED_SELECTOR = YES;
				GCC_WARN_UNINITIALIZED_AUTOS = YES_AGGRESSIVE;
				GCC_WARN_UNUSED_FUNCTION = YES;
				GCC_WARN_UNUSED_VARIABLE = YES;
				IPHONEOS_DEPLOYMENT_TARGET = 14.2;
				MTL_ENABLE_DEBUG_INFO = NO;
				MTL_FAST_MATH = YES;
				SDKROOT = iphoneos;
				SWIFT_COMPILATION_MODE = wholemodule;
				SWIFT_OPTIMIZATION_LEVEL = "-O";
				VALIDATE_PRODUCT = YES;
			};
			name = Release;
		};
		7FBC7CB525B748A000AB07EA /* Debug */ = {
			isa = XCBuildConfiguration;
			baseConfigurationReference = 0D2C53191CA11AE1E3046A90 /* Pods-SampleSupport.debug.xcconfig */;
			buildSettings = {
				ASSETCATALOG_COMPILER_APPICON_NAME = AppIcon;
				ASSETCATALOG_COMPILER_GLOBAL_ACCENT_COLOR_NAME = AccentColor;
				CODE_SIGN_ENTITLEMENTS = SampleSupport/SampleSupport.entitlements;
				CODE_SIGN_STYLE = Automatic;
				DEVELOPMENT_TEAM = 6H8RBA4DXP;
				INFOPLIST_FILE = SampleSupport/Info.plist;
				IPHONEOS_DEPLOYMENT_TARGET = 13.6;
				LD_RUNPATH_SEARCH_PATHS = (
					"$(inherited)",
					"@executable_path/Frameworks",
				);
				PRODUCT_BUNDLE_IDENTIFIER = jp.ac.jec.cm.demo.SampleSupport;
				PRODUCT_NAME = "$(TARGET_NAME)";
				SWIFT_VERSION = 5.0;
				TARGETED_DEVICE_FAMILY = 1;
			};
			name = Debug;
		};
		7FBC7CB625B748A000AB07EA /* Release */ = {
			isa = XCBuildConfiguration;
			baseConfigurationReference = 333B6505948AC3B60A31FD9D /* Pods-SampleSupport.release.xcconfig */;
			buildSettings = {
				ASSETCATALOG_COMPILER_APPICON_NAME = AppIcon;
				ASSETCATALOG_COMPILER_GLOBAL_ACCENT_COLOR_NAME = AccentColor;
				CODE_SIGN_ENTITLEMENTS = SampleSupport/SampleSupport.entitlements;
				CODE_SIGN_STYLE = Automatic;
				DEVELOPMENT_TEAM = 6H8RBA4DXP;
				INFOPLIST_FILE = SampleSupport/Info.plist;
				IPHONEOS_DEPLOYMENT_TARGET = 13.6;
				LD_RUNPATH_SEARCH_PATHS = (
					"$(inherited)",
					"@executable_path/Frameworks",
				);
				PRODUCT_BUNDLE_IDENTIFIER = jp.ac.jec.cm.demo.SampleSupport;
				PRODUCT_NAME = "$(TARGET_NAME)";
				SWIFT_VERSION = 5.0;
				TARGETED_DEVICE_FAMILY = 1;
			};
			name = Release;
		};
		7FBC7CB825B748A000AB07EA /* Debug */ = {
			isa = XCBuildConfiguration;
			baseConfigurationReference = 91D8003EAB7E52AD871D8B0F /* Pods-SampleSupportTests.debug.xcconfig */;
			buildSettings = {
				ALWAYS_EMBED_SWIFT_STANDARD_LIBRARIES = YES;
				BUNDLE_LOADER = "$(TEST_HOST)";
				CODE_SIGN_STYLE = Automatic;
				DEVELOPMENT_TEAM = J4JZS5VFXW;
				INFOPLIST_FILE = SampleSupportTests/Info.plist;
				IPHONEOS_DEPLOYMENT_TARGET = 14.2;
				LD_RUNPATH_SEARCH_PATHS = (
					"$(inherited)",
					"@executable_path/Frameworks",
					"@loader_path/Frameworks",
				);
				PRODUCT_BUNDLE_IDENTIFIER = jp.ac.jec.19cm0134.SampleSupportTests;
				PRODUCT_NAME = "$(TARGET_NAME)";
				SWIFT_VERSION = 5.0;
				TARGETED_DEVICE_FAMILY = "1,2";
				TEST_HOST = "$(BUILT_PRODUCTS_DIR)/SampleSupport.app/SampleSupport";
			};
			name = Debug;
		};
		7FBC7CB925B748A000AB07EA /* Release */ = {
			isa = XCBuildConfiguration;
			baseConfigurationReference = D04044BD6B2C210D4FC22E1C /* Pods-SampleSupportTests.release.xcconfig */;
			buildSettings = {
				ALWAYS_EMBED_SWIFT_STANDARD_LIBRARIES = YES;
				BUNDLE_LOADER = "$(TEST_HOST)";
				CODE_SIGN_STYLE = Automatic;
				DEVELOPMENT_TEAM = J4JZS5VFXW;
				INFOPLIST_FILE = SampleSupportTests/Info.plist;
				IPHONEOS_DEPLOYMENT_TARGET = 14.2;
				LD_RUNPATH_SEARCH_PATHS = (
					"$(inherited)",
					"@executable_path/Frameworks",
					"@loader_path/Frameworks",
				);
				PRODUCT_BUNDLE_IDENTIFIER = jp.ac.jec.19cm0134.SampleSupportTests;
				PRODUCT_NAME = "$(TARGET_NAME)";
				SWIFT_VERSION = 5.0;
				TARGETED_DEVICE_FAMILY = "1,2";
				TEST_HOST = "$(BUILT_PRODUCTS_DIR)/SampleSupport.app/SampleSupport";
			};
			name = Release;
		};
		7FBC7CBB25B748A000AB07EA /* Debug */ = {
			isa = XCBuildConfiguration;
			baseConfigurationReference = 814B5EFC1CCF1B7CC7D70AD4 /* Pods-SampleSupport-SampleSupportUITests.debug.xcconfig */;
			buildSettings = {
				ALWAYS_EMBED_SWIFT_STANDARD_LIBRARIES = YES;
				CODE_SIGN_STYLE = Automatic;
				DEVELOPMENT_TEAM = J4JZS5VFXW;
				INFOPLIST_FILE = SampleSupportUITests/Info.plist;
				LD_RUNPATH_SEARCH_PATHS = (
					"$(inherited)",
					"@executable_path/Frameworks",
					"@loader_path/Frameworks",
				);
				PRODUCT_BUNDLE_IDENTIFIER = jp.ac.jec.19cm0134.SampleSupportUITests;
				PRODUCT_NAME = "$(TARGET_NAME)";
				SWIFT_VERSION = 5.0;
				TARGETED_DEVICE_FAMILY = "1,2";
				TEST_TARGET_NAME = SampleSupport;
			};
			name = Debug;
		};
		7FBC7CBC25B748A000AB07EA /* Release */ = {
			isa = XCBuildConfiguration;
			baseConfigurationReference = 8FC4187C48DC7ED6384082D6 /* Pods-SampleSupport-SampleSupportUITests.release.xcconfig */;
			buildSettings = {
				ALWAYS_EMBED_SWIFT_STANDARD_LIBRARIES = YES;
				CODE_SIGN_STYLE = Automatic;
				DEVELOPMENT_TEAM = J4JZS5VFXW;
				INFOPLIST_FILE = SampleSupportUITests/Info.plist;
				LD_RUNPATH_SEARCH_PATHS = (
					"$(inherited)",
					"@executable_path/Frameworks",
					"@loader_path/Frameworks",
				);
				PRODUCT_BUNDLE_IDENTIFIER = jp.ac.jec.19cm0134.SampleSupportUITests;
				PRODUCT_NAME = "$(TARGET_NAME)";
				SWIFT_VERSION = 5.0;
				TARGETED_DEVICE_FAMILY = "1,2";
				TEST_TARGET_NAME = SampleSupport;
			};
			name = Release;
		};
/* End XCBuildConfiguration section */

/* Begin XCConfigurationList section */
		7FBC7C8525B7489D00AB07EA /* Build configuration list for PBXProject "SampleSupport" */ = {
			isa = XCConfigurationList;
			buildConfigurations = (
				7FBC7CB225B748A000AB07EA /* Debug */,
				7FBC7CB325B748A000AB07EA /* Release */,
			);
			defaultConfigurationIsVisible = 0;
			defaultConfigurationName = Release;
		};
		7FBC7CB425B748A000AB07EA /* Build configuration list for PBXNativeTarget "SampleSupport" */ = {
			isa = XCConfigurationList;
			buildConfigurations = (
				7FBC7CB525B748A000AB07EA /* Debug */,
				7FBC7CB625B748A000AB07EA /* Release */,
			);
			defaultConfigurationIsVisible = 0;
			defaultConfigurationName = Release;
		};
		7FBC7CB725B748A000AB07EA /* Build configuration list for PBXNativeTarget "SampleSupportTests" */ = {
			isa = XCConfigurationList;
			buildConfigurations = (
				7FBC7CB825B748A000AB07EA /* Debug */,
				7FBC7CB925B748A000AB07EA /* Release */,
			);
			defaultConfigurationIsVisible = 0;
			defaultConfigurationName = Release;
		};
		7FBC7CBA25B748A000AB07EA /* Build configuration list for PBXNativeTarget "SampleSupportUITests" */ = {
			isa = XCConfigurationList;
			buildConfigurations = (
				7FBC7CBB25B748A000AB07EA /* Debug */,
				7FBC7CBC25B748A000AB07EA /* Release */,
			);
			defaultConfigurationIsVisible = 0;
			defaultConfigurationName = Release;
		};
/* End XCConfigurationList section */
	};
	rootObject = 7FBC7C8225B7489D00AB07EA /* Project object */;
}
